
Microsoft Visual Studio Solution File, Format Version 12.00
# Visual Studio 14
VisualStudioVersion = 14.0.23107.0
MinimumVisualStudioVersion = 10.0.40219.1
Project("{FAE04EC0-301F-11D3-BF4B-00C04F79EFBC}") = "ChoPGP", "ChoPGP\ChoPGP.csproj", "{B3911FE9-0A4B-4D07-BB93-5960D1BDBCC2}"
EndProject
Project("{FAE04EC0-301F-11D3-BF4B-00C04F79EFBC}") = "ChoPGP.Test", "ChoPGP.Test\ChoPGP.Test.csproj", "{FF4ACC4D-6447-4229-9D24-475C2B8E6235}"
EndProject
Global
	GlobalSection(SolutionConfigurationPlatforms) = preSolution
		Debug|Any CPU = Debug|Any CPU
		Release|Any CPU = Release|Any CPU
	EndGlobalSection
	GlobalSection(ProjectConfigurationPlatforms) = postSolution
		{B3911FE9-0A4B-4D07-BB93-5960D1BDBCC2}.Debug|Any CPU.ActiveCfg = Debug|Any CPU
		{B3911FE9-0A4B-4D07-BB93-5960D1BDBCC2}.Debug|Any CPU.Build.0 = Debug|Any CPU
		{B3911FE9-0A4B-4D07-BB93-5960D1BDBCC2}.Release|Any CPU.ActiveCfg = Release|Any CPU
		{B3911FE9-0A4B-4D07-BB93-5960D1BDBCC2}.Release|Any CPU.Build.0 = Release|Any CPU
		{FF4ACC4D-6447-4229-9D24-475C2B8E6235}.Debug|Any CPU.ActiveCfg = Debug|Any CPU
		{FF4ACC4D-6447-4229-9D24-475C2B8E6235}.Debug|Any CPU.Build.0 = Debug|Any CPU
		{FF4ACC4D-6447-4229-9D24-475C2B8E6235}.Release|Any CPU.ActiveCfg = Release|Any CPU
		{FF4ACC4D-6447-4229-9D24-475C2B8E6235}.Release|Any CPU.Build.0 = Release|Any CPU
	EndGlobalSection
	GlobalSection(SolutionProperties) = preSolution
		HideSolutionNode = FALSE
	EndGlobalSection
EndGlobal
